// !$*UTF8*$!
{
	archiveVersion = 1;
	classes = {
	};
	objectVersion = 46;
	objects = {

/* Begin PBXBuildFile section */
		2874F9944A8B9C2559C8EC72 /* Pods_WeatherApp.framework in Frameworks */ = {isa = PBXBuildFile; fileRef = 4843C2DE51FF686B1765F31E /* Pods_WeatherApp.framework */; };
		8CB39C131E99E7A1002559C6 /* AppDelegate.swift in Sources */ = {isa = PBXBuildFile; fileRef = 8CB39C121E99E7A1002559C6 /* AppDelegate.swift */; };
		8CB39C151E99E7A1002559C6 /* WeatherVC.swift in Sources */ = {isa = PBXBuildFile; fileRef = 8CB39C141E99E7A1002559C6 /* WeatherVC.swift */; };
		8CB39C181E99E7A1002559C6 /* Main.storyboard in Resources */ = {isa = PBXBuildFile; fileRef = 8CB39C161E99E7A1002559C6 /* Main.storyboard */; };
		8CB39C1A1E99E7A1002559C6 /* Assets.xcassets in Resources */ = {isa = PBXBuildFile; fileRef = 8CB39C191E99E7A1002559C6 /* Assets.xcassets */; };
		8CB39C1D1E99E7A1002559C6 /* LaunchScreen.storyboard in Resources */ = {isa = PBXBuildFile; fileRef = 8CB39C1B1E99E7A1002559C6 /* LaunchScreen.storyboard */; };
		8CDE02081E9F35DE00F951A3 /* Constants.swift in Sources */ = {isa = PBXBuildFile; fileRef = 8CDE02071E9F35DE00F951A3 /* Constants.swift */; };
		8CDE020C1E9F3DD000F951A3 /* .API_KEY.swift in Sources */ = {isa = PBXBuildFile; fileRef = 8CDE020B1E9F3DD000F951A3 /* .API_KEY.swift */; };
		8CDE020E1E9F3F6B00F951A3 /* Weather.swift in Sources */ = {isa = PBXBuildFile; fileRef = 8CDE020D1E9F3F6B00F951A3 /* Weather.swift */; };
/* End PBXBuildFile section */

/* Begin PBXFileReference section */
		4843C2DE51FF686B1765F31E /* Pods_WeatherApp.framework */ = {isa = PBXFileReference; explicitFileType = wrapper.framework; includeInIndex = 0; path = Pods_WeatherApp.framework; sourceTree = BUILT_PRODUCTS_DIR; };
		788419D9A683C61C05A33822 /* Pods-WeatherApp.debug.xcconfig */ = {isa = PBXFileReference; includeInIndex = 1; lastKnownFileType = text.xcconfig; name = "Pods-WeatherApp.debug.xcconfig"; path = "Pods/Target Support Files/Pods-WeatherApp/Pods-WeatherApp.debug.xcconfig"; sourceTree = "<group>"; };
		8CB39C0F1E99E7A1002559C6 /* WeatherApp.app */ = {isa = PBXFileReference; explicitFileType = wrapper.application; includeInIndex = 0; path = WeatherApp.app; sourceTree = BUILT_PRODUCTS_DIR; };
		8CB39C121E99E7A1002559C6 /* AppDelegate.swift */ = {isa = PBXFileReference; lastKnownFileType = sourcecode.swift; path = AppDelegate.swift; sourceTree = "<group>"; };
		8CB39C141E99E7A1002559C6 /* WeatherVC.swift */ = {isa = PBXFileReference; lastKnownFileType = sourcecode.swift; path = WeatherVC.swift; sourceTree = "<group>"; };
		8CB39C171E99E7A1002559C6 /* Base */ = {isa = PBXFileReference; lastKnownFileType = file.storyboard; name = Base; path = Base.lproj/Main.storyboard; sourceTree = "<group>"; };
		8CB39C191E99E7A1002559C6 /* Assets.xcassets */ = {isa = PBXFileReference; lastKnownFileType = folder.assetcatalog; path = Assets.xcassets; sourceTree = "<group>"; };
		8CB39C1C1E99E7A1002559C6 /* Base */ = {isa = PBXFileReference; lastKnownFileType = file.storyboard; name = Base; path = Base.lproj/LaunchScreen.storyboard; sourceTree = "<group>"; };
		8CB39C1E1E99E7A1002559C6 /* Info.plist */ = {isa = PBXFileReference; lastKnownFileType = text.plist.xml; path = Info.plist; sourceTree = "<group>"; };
		8CDE02071E9F35DE00F951A3 /* Constants.swift */ = {isa = PBXFileReference; fileEncoding = 4; lastKnownFileType = sourcecode.swift; path = Constants.swift; sourceTree = "<group>"; };
		8CDE020B1E9F3DD000F951A3 /* .API_KEY.swift */ = {isa = PBXFileReference; fileEncoding = 4; lastKnownFileType = sourcecode.swift; path = .API_KEY.swift; sourceTree = "<group>"; };
		8CDE020D1E9F3F6B00F951A3 /* Weather.swift */ = {isa = PBXFileReference; fileEncoding = 4; lastKnownFileType = sourcecode.swift; path = Weather.swift; sourceTree = "<group>"; };
		CF73927EACD500927003F23C /* Pods-WeatherApp.release.xcconfig */ = {isa = PBXFileReference; includeInIndex = 1; lastKnownFileType = text.xcconfig; name = "Pods-WeatherApp.release.xcconfig"; path = "Pods/Target Support Files/Pods-WeatherApp/Pods-WeatherApp.release.xcconfig"; sourceTree = "<group>"; };
/* End PBXFileReference section */

/* Begin PBXFrameworksBuildPhase section */
		8CB39C0C1E99E7A1002559C6 /* Frameworks */ = {
			isa = PBXFrameworksBuildPhase;
			buildActionMask = 2147483647;
			files = (
				2874F9944A8B9C2559C8EC72 /* Pods_WeatherApp.framework in Frameworks */,
			);
			runOnlyForDeploymentPostprocessing = 0;
		};
/* End PBXFrameworksBuildPhase section */

/* Begin PBXGroup section */
		4FC85063062A8DEECC28A3FE /* Pods */ = {
			isa = PBXGroup;
			children = (
				788419D9A683C61C05A33822 /* Pods-WeatherApp.debug.xcconfig */,
				CF73927EACD500927003F23C /* Pods-WeatherApp.release.xcconfig */,
			);
			name = Pods;
			sourceTree = "<group>";
		};
		8CB39C061E99E7A1002559C6 = {
			isa = PBXGroup;
			children = (
				8CB39C111E99E7A1002559C6 /* WeatherApp */,
				8CB39C101E99E7A1002559C6 /* Products */,
				4FC85063062A8DEECC28A3FE /* Pods */,
				D9CC9BCBC0963AE13C67DB57 /* Frameworks */,
			);
			sourceTree = "<group>";
		};
		8CB39C101E99E7A1002559C6 /* Products */ = {
			isa = PBXGroup;
			children = (
				8CB39C0F1E99E7A1002559C6 /* WeatherApp.app */,
			);
			name = Products;
			sourceTree = "<group>";
		};
		8CB39C111E99E7A1002559C6 /* WeatherApp */ = {
			isa = PBXGroup;
			children = (
				8CDE02031E9F355E00F951A3 /* Model */,
				8CDE02041E9F356D00F951A3 /* View */,
				8CDE02051E9F357500F951A3 /* Controller */,
				8CDE02061E9F35B200F951A3 /* Resources */,
				8CB39C191E99E7A1002559C6 /* Assets.xcassets */,
				8CB39C1E1E99E7A1002559C6 /* Info.plist */,
			);
			path = WeatherApp;
			sourceTree = "<group>";
		};
		8CDE02031E9F355E00F951A3 /* Model */ = {
			isa = PBXGroup;
			children = (
				8CDE020D1E9F3F6B00F951A3 /* Weather.swift */,
			);
			name = Model;
			sourceTree = "<group>";
		};
		8CDE02041E9F356D00F951A3 /* View */ = {
			isa = PBXGroup;
			children = (
				8CB39C161E99E7A1002559C6 /* Main.storyboard */,
				8CB39C1B1E99E7A1002559C6 /* LaunchScreen.storyboard */,
			);
			name = View;
			sourceTree = "<group>";
		};
		8CDE02051E9F357500F951A3 /* Controller */ = {
			isa = PBXGroup;
			children = (
				8CB39C121E99E7A1002559C6 /* AppDelegate.swift */,
				8CB39C141E99E7A1002559C6 /* WeatherVC.swift */,
			);
			name = Controller;
			sourceTree = "<group>";
		};
		8CDE02061E9F35B200F951A3 /* Resources */ = {
			isa = PBXGroup;
			children = (
				8CDE02071E9F35DE00F951A3 /* Constants.swift */,
				8CDE020B1E9F3DD000F951A3 /* .API_KEY.swift */,
			);
			name = Resources;
			sourceTree = "<group>";
		};
		D9CC9BCBC0963AE13C67DB57 /* Frameworks */ = {
			isa = PBXGroup;
			children = (
				4843C2DE51FF686B1765F31E /* Pods_WeatherApp.framework */,
			);
			name = Frameworks;
			sourceTree = "<group>";
		};
/* End PBXGroup section */

/* Begin PBXNativeTarget section */
		8CB39C0E1E99E7A1002559C6 /* WeatherApp */ = {
			isa = PBXNativeTarget;
			buildConfigurationList = 8CB39C211E99E7A1002559C6 /* Build configuration list for PBXNativeTarget "WeatherApp" */;
			buildPhases = (
				05DBF5C58400E88E071F78B7 /* [CP] Check Pods Manifest.lock */,
				8CB39C0B1E99E7A1002559C6 /* Sources */,
				8CB39C0C1E99E7A1002559C6 /* Frameworks */,
				8CB39C0D1E99E7A1002559C6 /* Resources */,
				B37A930B95289992FC6CCC90 /* [CP] Embed Pods Frameworks */,
				D79899BF406B65F0439D34EB /* [CP] Copy Pods Resources */,
			);
			buildRules = (
			);
			dependencies = (
			);
			name = WeatherApp;
			productName = WeatherApp;
			productReference = 8CB39C0F1E99E7A1002559C6 /* WeatherApp.app */;
			productType = "com.apple.product-type.application";
		};
/* End PBXNativeTarget section */

/* Begin PBXProject section */
		8CB39C071E99E7A1002559C6 /* Project object */ = {
			isa = PBXProject;
			attributes = {
				LastSwiftUpdateCheck = 0830;
				LastUpgradeCheck = 0830;
				ORGANIZATIONNAME = "Simon Zhen";
				TargetAttributes = {
					8CB39C0E1E99E7A1002559C6 = {
						CreatedOnToolsVersion = 8.3;
						DevelopmentTeam = 94EUZPM3TC;
						ProvisioningStyle = Automatic;
					};
				};
			};
			buildConfigurationList = 8CB39C0A1E99E7A1002559C6 /* Build configuration list for PBXProject "WeatherApp" */;
			compatibilityVersion = "Xcode 3.2";
			developmentRegion = English;
			hasScannedForEncodings = 0;
			knownRegions = (
				en,
				Base,
			);
			mainGroup = 8CB39C061E99E7A1002559C6;
			productRefGroup = 8CB39C101E99E7A1002559C6 /* Products */;
			projectDirPath = "";
			projectRoot = "";
			targets = (
				8CB39C0E1E99E7A1002559C6 /* WeatherApp */,
			);
		};
/* End PBXProject section */

/* Begin PBXResourcesBuildPhase section */
		8CB39C0D1E99E7A1002559C6 /* Resources */ = {
			isa = PBXResourcesBuildPhase;
			buildActionMask = 2147483647;
			files = (
				8CB39C1D1E99E7A1002559C6 /* LaunchScreen.storyboard in Resources */,
				8CB39C1A1E99E7A1002559C6 /* Assets.xcassets in Resources */,
				8CB39C181E99E7A1002559C6 /* Main.storyboard in Resources */,
			);
			runOnlyForDeploymentPostprocessing = 0;
		};
/* End PBXResourcesBuildPhase section */

/* Begin PBXShellScriptBuildPhase section */
		05DBF5C58400E88E071F78B7 /* [CP] Check Pods Manifest.lock */ = {
			isa = PBXShellScriptBuildPhase;
			buildActionMask = 2147483647;
			files = (
			);
			inputPaths = (
			);
			name = "[CP] Check Pods Manifest.lock";
			outputPaths = (
			);
			runOnlyForDeploymentPostprocessing = 0;
			shellPath = /bin/sh;
			shellScript = "diff \"${PODS_ROOT}/../Podfile.lock\" \"${PODS_ROOT}/Manifest.lock\" > /dev/null\nif [ $? != 0 ] ; then\n    # print error to STDERR\n    echo \"error: The sandbox is not in sync with the Podfile.lock. Run 'pod install' or update your CocoaPods installation.\" >&2\n    exit 1\nfi\n";
			showEnvVarsInLog = 0;
		};
		B37A930B95289992FC6CCC90 /* [CP] Embed Pods Frameworks */ = {
			isa = PBXShellScriptBuildPhase;
			buildActionMask = 2147483647;
			files = (
			);
			inputPaths = (
			);
			name = "[CP] Embed Pods Frameworks";
			outputPaths = (
			);
			runOnlyForDeploymentPostprocessing = 0;
			shellPath = /bin/sh;
			shellScript = "\"${SRCROOT}/Pods/Target Support Files/Pods-WeatherApp/Pods-WeatherApp-frameworks.sh\"\n";
			showEnvVarsInLog = 0;
		};
		D79899BF406B65F0439D34EB /* [CP] Copy Pods Resources */ = {
			isa = PBXShellScriptBuildPhase;
			buildActionMask = 2147483647;
			files = (
			);
			inputPaths = (
			);
			name = "[CP] Copy Pods Resources";
			outputPaths = (
			);
			runOnlyForDeploymentPostprocessing = 0;
			shellPath = /bin/sh;
			shellScript = "\"${SRCROOT}/Pods/Target Support Files/Pods-WeatherApp/Pods-WeatherApp-resources.sh\"\n";
			showEnvVarsInLog = 0;
		};
/* End PBXShellScriptBuildPhase section */

/* Begin PBXSourcesBuildPhase section */
		8CB39C0B1E99E7A1002559C6 /* Sources */ = {
			isa = PBXSourcesBuildPhase;
			buildActionMask = 2147483647;
			files = (
				8CB39C151E99E7A1002559C6 /* WeatherVC.swift in Sources */,
				8CDE020C1E9F3DD000F951A3 /* .API_KEY.swift in Sources */,
				8CB39C131E99E7A1002559C6 /* AppDelegate.swift in Sources */,
				8CDE02081E9F35DE00F951A3 /* Constants.swift in Sources */,
				8CDE020E1E9F3F6B00F951A3 /* Weather.swift in Sources */,
			);
			runOnlyForDeploymentPostprocessing = 0;
		};
/* End PBXSourcesBuildPhase section */

/* Begin PBXVariantGroup section */
		8CB39C161E99E7A1002559C6 /* Main.storyboard */ = {
			isa = PBXVariantGroup;
			children = (
				8CB39C171E99E7A1002559C6 /* Base */,
			);
			name = Main.storyboard;
			sourceTree = "<group>";
		};
		8CB39C1B1E99E7A1002559C6 /* LaunchScreen.storyboard */ = {
			isa = PBXVariantGroup;
			children = (
				8CB39C1C1E99E7A1002559C6 /* Base */,
			);
			name = LaunchScreen.storyboard;
			sourceTree = "<group>";
		};
/* End PBXVariantGroup section */

/* Begin XCBuildConfiguration section */
		8CB39C1F1E99E7A1002559C6 /* Debug */ = {
			isa = XCBuildConfiguration;
			buildSettings = {
				ALWAYS_SEARCH_USER_PATHS = NO;
				CLANG_ANALYZER_NONNULL = YES;
				CLANG_ANALYZER_NUMBER_OBJECT_CONVERSION = YES_AGGRESSIVE;
				CLANG_CXX_LANGUAGE_STANDARD = "gnu++0x";
				CLANG_CXX_LIBRARY = "libc++";
				CLANG_ENABLE_MODULES = YES;
				CLANG_ENABLE_OBJC_ARC = YES;
				CLANG_WARN_BOOL_CONVERSION = YES;
				CLANG_WARN_CONSTANT_CONVERSION = YES;
				CLANG_WARN_DIRECT_OBJC_ISA_USAGE = YES_ERROR;
				CLANG_WARN_DOCUMENTATION_COMMENTS = YES;
				CLANG_WARN_EMPTY_BODY = YES;
				CLANG_WARN_ENUM_CONVERSION = YES;
				CLANG_WARN_INFINITE_RECURSION = YES;
				CLANG_WARN_INT_CONVERSION = YES;
				CLANG_WARN_OBJC_ROOT_CLASS = YES_ERROR;
				CLANG_WARN_SUSPICIOUS_MOVE = YES;
				CLANG_WARN_UNREACHABLE_CODE = YES;
				CLANG_WARN__DUPLICATE_METHOD_MATCH = YES;
				"CODE_SIGN_IDENTITY[sdk=iphoneos*]" = "iPhone Developer";
				COPY_PHASE_STRIP = NO;
				DEBUG_INFORMATION_FORMAT = dwarf;
				ENABLE_STRICT_OBJC_MSGSEND = YES;
				ENABLE_TESTABILITY = YES;
				GCC_C_LANGUAGE_STANDARD = gnu99;
				GCC_DYNAMIC_NO_PIC = NO;
				GCC_NO_COMMON_BLOCKS = YES;
				GCC_OPTIMIZATION_LEVEL = 0;
				GCC_PREPROCESSOR_DEFINITIONS = (
					"DEBUG=1",
					"$(inherited)",
				);
				GCC_WARN_64_TO_32_BIT_CONVERSION = YES;
				GCC_WARN_ABOUT_RETURN_TYPE = YES_ERROR;
				GCC_WARN_UNDECLARED_SELECTOR = YES;
				GCC_WARN_UNINITIALIZED_AUTOS = YES_AGGRESSIVE;
				GCC_WARN_UNUSED_FUNCTION = YES;
				GCC_WARN_UNUSED_VARIABLE = YES;
				IPHONEOS_DEPLOYMENT_TARGET = 10.3;
				MTL_ENABLE_DEBUG_INFO = YES;
				ONLY_ACTIVE_ARCH = YES;
				SDKROOT = iphoneos;
				SWIFT_ACTIVE_COMPILATION_CONDITIONS = DEBUG;
				SWIFT_OPTIMIZATION_LEVEL = "-Onone";
				TARGETED_DEVICE_FAMILY = "1,2";
			};
			name = Debug;
		};
		8CB39C201E99E7A1002559C6 /* Release */ = {
			isa = XCBuildConfiguration;
			buildSettings = {
				ALWAYS_SEARCH_USER_PATHS = NO;
				CLANG_ANALYZER_NONNULL = YES;
				CLANG_ANALYZER_NUMBER_OBJECT_CONVERSION = YES_AGGRESSIVE;
				CLANG_CXX_LANGUAGE_STANDARD = "gnu++0x";
				CLANG_CXX_LIBRARY = "libc++";
				CLANG_ENABLE_MODULES = YES;
				CLANG_ENABLE_OBJC_ARC = YES;
				CLANG_WARN_BOOL_CONVERSION = YES;
				CLANG_WARN_CONSTANT_CONVERSION = YES;
				CLANG_WARN_DIRECT_OBJC_ISA_USAGE = YES_ERROR;
				CLANG_WARN_DOCUMENTATION_COMMENTS = YES;
				CLANG_WARN_EMPTY_BODY = YES;
				CLANG_WARN_ENUM_CONVERSION = YES;
				CLANG_WARN_INFINITE_RECURSION = YES;
				CLANG_WARN_INT_CONVERSION = YES;
				CLANG_WARN_OBJC_ROOT_CLASS = YES_ERROR;
				CLANG_WARN_SUSPICIOUS_MOVE = YES;
				CLANG_WARN_UNREACHABLE_CODE = YES;
				CLANG_WARN__DUPLICATE_METHOD_MATCH = YES;
				"CODE_SIGN_IDENTITY[sdk=iphoneos*]" = "iPhone Developer";
				COPY_PHASE_STRIP = NO;
				DEBUG_INFORMATION_FORMAT = "dwarf-with-dsym";
				ENABLE_NS_ASSERTIONS = NO;
				ENABLE_STRICT_OBJC_MSGSEND = YES;
				GCC_C_LANGUAGE_STANDARD = gnu99;
				GCC_NO_COMMON_BLOCKS = YES;
				GCC_WARN_64_TO_32_BIT_CONVERSION = YES;
				GCC_WARN_ABOUT_RETURN_TYPE = YES_ERROR;
				GCC_WARN_UNDECLARED_SELECTOR = YES;
				GCC_WARN_UNINITIALIZED_AUTOS = YES_AGGRESSIVE;
				GCC_WARN_UNUSED_FUNCTION = YES;
				GCC_WARN_UNUSED_VARIABLE = YES;
				IPHONEOS_DEPLOYMENT_TARGET = 10.3;
				MTL_ENABLE_DEBUG_INFO = NO;
				SDKROOT = iphoneos;
				SWIFT_OPTIMIZATION_LEVEL = "-Owholemodule";
				TARGETED_DEVICE_FAMILY = "1,2";
				VALIDATE_PRODUCT = YES;
			};
			name = Release;
		};
		8CB39C221E99E7A1002559C6 /* Debug */ = {
			isa = XCBuildConfiguration;
			baseConfigurationReference = 788419D9A683C61C05A33822 /* Pods-WeatherApp.debug.xcconfig */;
			buildSettings = {
				ASSETCATALOG_COMPILER_APPICON_NAME = AppIcon;
				DEVELOPMENT_TEAM = 94EUZPM3TC;
				INFOPLIST_FILE = WeatherApp/Info.plist;
				LD_RUNPATH_SEARCH_PATHS = "$(inherited) @executable_path/Frameworks";
				PRODUCT_BUNDLE_IDENTIFIER = com.simonzhen.WeatherApp;
				PRODUCT_NAME = "$(TARGET_NAME)";
				SWIFT_VERSION = 3.0;
			};
			name = Debug;
		};
		8CB39C231E99E7A1002559C6 /* Release */ = {
			isa = XCBuildConfiguration;
			baseConfigurationReference = CF73927EACD500927003F23C /* Pods-WeatherApp.release.xcconfig */;
			buildSettings = {
				ASSETCATALOG_COMPILER_APPICON_NAME = AppIcon;
				DEVELOPMENT_TEAM = 94EUZPM3TC;
				INFOPLIST_FILE = WeatherApp/Info.plist;
				LD_RUNPATH_SEARCH_PATHS = "$(inherited) @executable_path/Frameworks";
				PRODUCT_BUNDLE_IDENTIFIER = com.simonzhen.WeatherApp;
				PRODUCT_NAME = "$(TARGET_NAME)";
				SWIFT_VERSION = 3.0;
			};
			name = Release;
		};
/* End XCBuildConfiguration section */

/* Begin XCConfigurationList section */
		8CB39C0A1E99E7A1002559C6 /* Build configuration list for PBXProject "WeatherApp" */ = {
			isa = XCConfigurationList;
			buildConfigurations = (
				8CB39C1F1E99E7A1002559C6 /* Debug */,
				8CB39C201E99E7A1002559C6 /* Release */,
			);
			defaultConfigurationIsVisible = 0;
			defaultConfigurationName = Release;
		};
		8CB39C211E99E7A1002559C6 /* Build configuration list for PBXNativeTarget "WeatherApp" */ = {
			isa = XCConfigurationList;
			buildConfigurations = (
				8CB39C221E99E7A1002559C6 /* Debug */,
				8CB39C231E99E7A1002559C6 /* Release */,
			);
			defaultConfigurationIsVisible = 0;
			defaultConfigurationName = Release;
		};
/* End XCConfigurationList section */
	};
	rootObject = 8CB39C071E99E7A1002559C6 /* Project object */;
}
